
Microsoft Visual Studio Solution File, Format Version 12.00
# Visual Studio Version 16
VisualStudioVersion = 16.0.29613.14
MinimumVisualStudioVersion = 10.0.40219.1
Project("{D954291E-2A0B-460D-934E-DC6B0785DB48}") = "oClock.Shared", "oClock\oClock.Shared\oClock.Shared.shproj", "{6279C845-92F8-4333-AB99-3D213163593C}"
EndProject
Project("{FAE04EC0-301F-11D3-BF4B-00C04F79EFBC}") = "oClock.Droid", "oClock\oClock.Droid\oClock.Droid.csproj", "{2DC1F481-8D1A-49A4-A232-B5A088C2F00C}"
EndProject
Project("{FAE04EC0-301F-11D3-BF4B-00C04F79EFBC}") = "oClock.iOS", "oClock\oClock.iOS\oClock.iOS.csproj", "{737D65D3-F829-4473-AEB3-02864C4A4BAC}"
EndProject
Project("{FAE04EC0-301F-11D3-BF4B-00C04F79EFBC}") = "oClock.UWP", "oClock\oClock.UWP\oClock.UWP.csproj", "{68D8F0CA-BC42-4B78-812C-4D925123D484}"
EndProject
Project("{9A19103F-16F7-4668-BE54-9A1E7A4F7556}") = "oClock.Wasm", "oClock\oClock.Wasm\oClock.Wasm.csproj", "{8D73AF1B-0A21-4CC4-A612-0BDC7F722C25}"
EndProject
Global
	GlobalSection(SharedMSBuildProjectFiles) = preSolution
		oClock\oClock.Shared\oClock.Shared.projitems*{2dc1f481-8d1a-49a4-a232-b5a088c2f00c}*SharedItemsImports = 4
		oClock\oClock.Shared\oClock.Shared.projitems*{6279c845-92f8-4333-ab99-3d213163593c}*SharedItemsImports = 13
		oClock\oClock.Shared\oClock.Shared.projitems*{68d8f0ca-bc42-4b78-812c-4d925123d484}*SharedItemsImports = 4
		oClock\oClock.Shared\oClock.Shared.projitems*{737d65d3-f829-4473-aeb3-02864c4a4bac}*SharedItemsImports = 4
	EndGlobalSection
	GlobalSection(SolutionConfigurationPlatforms) = preSolution
		Ad-Hoc|Any CPU = Ad-Hoc|Any CPU
		Ad-Hoc|ARM = Ad-Hoc|ARM
		Ad-Hoc|iPhone = Ad-Hoc|iPhone
		Ad-Hoc|iPhoneSimulator = Ad-Hoc|iPhoneSimulator
		Ad-Hoc|x64 = Ad-Hoc|x64
		Ad-Hoc|x86 = Ad-Hoc|x86
		AppStore|Any CPU = AppStore|Any CPU
		AppStore|ARM = AppStore|ARM
		AppStore|iPhone = AppStore|iPhone
		AppStore|iPhoneSimulator = AppStore|iPhoneSimulator
		AppStore|x64 = AppStore|x64
		AppStore|x86 = AppStore|x86
		Debug|Any CPU = Debug|Any CPU
		Debug|ARM = Debug|ARM
		Debug|iPhone = Debug|iPhone
		Debug|iPhoneSimulator = Debug|iPhoneSimulator
		Debug|x64 = Debug|x64
		Debug|x86 = Debug|x86
		Release|Any CPU = Release|Any CPU
		Release|ARM = Release|ARM
		Release|iPhone = Release|iPhone
		Release|iPhoneSimulator = Release|iPhoneSimulator
		Release|x64 = Release|x64
		Release|x86 = Release|x86
	EndGlobalSection
	GlobalSection(ProjectConfigurationPlatforms) = postSolution
		{2DC1F481-8D1A-49A4-A232-B5A088C2F00C}.Ad-Hoc|Any CPU.ActiveCfg = Release|Any CPU
		{2DC1F481-8D1A-49A4-A232-B5A088C2F00C}.Ad-Hoc|Any CPU.Build.0 = Release|Any CPU
		{2DC1F481-8D1A-49A4-A232-B5A088C2F00C}.Ad-Hoc|Any CPU.Deploy.0 = Release|Any CPU
		{2DC1F481-8D1A-49A4-A232-B5A088C2F00C}.Ad-Hoc|ARM.ActiveCfg = Release|Any CPU
		{2DC1F481-8D1A-49A4-A232-B5A088C2F00C}.Ad-Hoc|ARM.Build.0 = Release|Any CPU
		{2DC1F481-8D1A-49A4-A232-B5A088C2F00C}.Ad-Hoc|ARM.Deploy.0 = Release|Any CPU
		{2DC1F481-8D1A-49A4-A232-B5A088C2F00C}.Ad-Hoc|iPhone.ActiveCfg = Release|Any CPU
		{2DC1F481-8D1A-49A4-A232-B5A088C2F00C}.Ad-Hoc|iPhone.Build.0 = Release|Any CPU
		{2DC1F481-8D1A-49A4-A232-B5A088C2F00C}.Ad-Hoc|iPhone.Deploy.0 = Release|Any CPU
		{2DC1F481-8D1A-49A4-A232-B5A088C2F00C}.Ad-Hoc|iPhoneSimulator.ActiveCfg = Release|Any CPU
		{2DC1F481-8D1A-49A4-A232-B5A088C2F00C}.Ad-Hoc|iPhoneSimulator.Build.0 = Release|Any CPU
		{2DC1F481-8D1A-49A4-A232-B5A088C2F00C}.Ad-Hoc|iPhoneSimulator.Deploy.0 = Release|Any CPU
		{2DC1F481-8D1A-49A4-A232-B5A088C2F00C}.Ad-Hoc|x64.ActiveCfg = Release|Any CPU
		{2DC1F481-8D1A-49A4-A232-B5A088C2F00C}.Ad-Hoc|x64.Build.0 = Release|Any CPU
		{2DC1F481-8D1A-49A4-A232-B5A088C2F00C}.Ad-Hoc|x64.Deploy.0 = Release|Any CPU
		{2DC1F481-8D1A-49A4-A232-B5A088C2F00C}.Ad-Hoc|x86.ActiveCfg = Release|Any CPU
		{2DC1F481-8D1A-49A4-A232-B5A088C2F00C}.Ad-Hoc|x86.Build.0 = Release|Any CPU
		{2DC1F481-8D1A-49A4-A232-B5A088C2F00C}.Ad-Hoc|x86.Deploy.0 = Release|Any CPU
		{2DC1F481-8D1A-49A4-A232-B5A088C2F00C}.AppStore|Any CPU.ActiveCfg = Release|Any CPU
		{2DC1F481-8D1A-49A4-A232-B5A088C2F00C}.AppStore|Any CPU.Build.0 = Release|Any CPU
		{2DC1F481-8D1A-49A4-A232-B5A088C2F00C}.AppStore|Any CPU.Deploy.0 = Release|Any CPU
		{2DC1F481-8D1A-49A4-A232-B5A088C2F00C}.AppStore|ARM.ActiveCfg = Release|Any CPU
		{2DC1F481-8D1A-49A4-A232-B5A088C2F00C}.AppStore|ARM.Build.0 = Release|Any CPU
		{2DC1F481-8D1A-49A4-A232-B5A088C2F00C}.AppStore|ARM.Deploy.0 = Release|Any CPU
		{2DC1F481-8D1A-49A4-A232-B5A088C2F00C}.AppStore|iPhone.ActiveCfg = Release|Any CPU
		{2DC1F481-8D1A-49A4-A232-B5A088C2F00C}.AppStore|iPhone.Build.0 = Release|Any CPU
		{2DC1F481-8D1A-49A4-A232-B5A088C2F00C}.AppStore|iPhone.Deploy.0 = Release|Any CPU
		{2DC1F481-8D1A-49A4-A232-B5A088C2F00C}.AppStore|iPhoneSimulator.ActiveCfg = Release|Any CPU
		{2DC1F481-8D1A-49A4-A232-B5A088C2F00C}.AppStore|iPhoneSimulator.Build.0 = Release|Any CPU
		{2DC1F481-8D1A-49A4-A232-B5A088C2F00C}.AppStore|iPhoneSimulator.Deploy.0 = Release|Any CPU
		{2DC1F481-8D1A-49A4-A232-B5A088C2F00C}.AppStore|x64.ActiveCfg = Release|Any CPU
		{2DC1F481-8D1A-49A4-A232-B5A088C2F00C}.AppStore|x64.Build.0 = Release|Any CPU
		{2DC1F481-8D1A-49A4-A232-B5A088C2F00C}.AppStore|x64.Deploy.0 = Release|Any CPU
		{2DC1F481-8D1A-49A4-A232-B5A088C2F00C}.AppStore|x86.ActiveCfg = Release|Any CPU
		{2DC1F481-8D1A-49A4-A232-B5A088C2F00C}.AppStore|x86.Build.0 = Release|Any CPU
		{2DC1F481-8D1A-49A4-A232-B5A088C2F00C}.AppStore|x86.Deploy.0 = Release|Any CPU
		{2DC1F481-8D1A-49A4-A232-B5A088C2F00C}.Debug|Any CPU.ActiveCfg = Debug|Any CPU
		{2DC1F481-8D1A-49A4-A232-B5A088C2F00C}.Debug|Any CPU.Build.0 = Debug|Any CPU
		{2DC1F481-8D1A-49A4-A232-B5A088C2F00C}.Debug|Any CPU.Deploy.0 = Debug|Any CPU
		{2DC1F481-8D1A-49A4-A232-B5A088C2F00C}.Debug|ARM.ActiveCfg = Debug|Any CPU
		{2DC1F481-8D1A-49A4-A232-B5A088C2F00C}.Debug|ARM.Build.0 = Debug|Any CPU
		{2DC1F481-8D1A-49A4-A232-B5A088C2F00C}.Debug|ARM.Deploy.0 = Debug|Any CPU
		{2DC1F481-8D1A-49A4-A232-B5A088C2F00C}.Debug|iPhone.ActiveCfg = Debug|Any CPU
		{2DC1F481-8D1A-49A4-A232-B5A088C2F00C}.Debug|iPhone.Build.0 = Debug|Any CPU
		{2DC1F481-8D1A-49A4-A232-B5A088C2F00C}.Debug|iPhone.Deploy.0 = Debug|Any CPU
		{2DC1F481-8D1A-49A4-A232-B5A088C2F00C}.Debug|iPhoneSimulator.ActiveCfg = Debug|Any CPU
		{2DC1F481-8D1A-49A4-A232-B5A088C2F00C}.Debug|iPhoneSimulator.Build.0 = Debug|Any CPU
		{2DC1F481-8D1A-49A4-A232-B5A088C2F00C}.Debug|iPhoneSimulator.Deploy.0 = Debug|Any CPU
		{2DC1F481-8D1A-49A4-A232-B5A088C2F00C}.Debug|x64.ActiveCfg = Debug|Any CPU
		{2DC1F481-8D1A-49A4-A232-B5A088C2F00C}.Debug|x64.Build.0 = Debug|Any CPU
		{2DC1F481-8D1A-49A4-A232-B5A088C2F00C}.Debug|x64.Deploy.0 = Debug|Any CPU
		{2DC1F481-8D1A-49A4-A232-B5A088C2F00C}.Debug|x86.ActiveCfg = Debug|Any CPU
		{2DC1F481-8D1A-49A4-A232-B5A088C2F00C}.Debug|x86.Build.0 = Debug|Any CPU
		{2DC1F481-8D1A-49A4-A232-B5A088C2F00C}.Debug|x86.Deploy.0 = Debug|Any CPU
		{2DC1F481-8D1A-49A4-A232-B5A088C2F00C}.Release|Any CPU.ActiveCfg = Release|Any CPU
		{2DC1F481-8D1A-49A4-A232-B5A088C2F00C}.Release|Any CPU.Build.0 = Release|Any CPU
		{2DC1F481-8D1A-49A4-A232-B5A088C2F00C}.Release|Any CPU.Deploy.0 = Release|Any CPU
		{2DC1F481-8D1A-49A4-A232-B5A088C2F00C}.Release|ARM.ActiveCfg = Release|Any CPU
		{2DC1F481-8D1A-49A4-A232-B5A088C2F00C}.Release|ARM.Build.0 = Release|Any CPU
		{2DC1F481-8D1A-49A4-A232-B5A088C2F00C}.Release|ARM.Deploy.0 = Release|Any CPU
		{2DC1F481-8D1A-49A4-A232-B5A088C2F00C}.Release|iPhone.ActiveCfg = Release|Any CPU
		{2DC1F481-8D1A-49A4-A232-B5A088C2F00C}.Release|iPhone.Build.0 = Release|Any CPU
		{2DC1F481-8D1A-49A4-A232-B5A088C2F00C}.Release|iPhone.Deploy.0 = Release|Any CPU
		{2DC1F481-8D1A-49A4-A232-B5A088C2F00C}.Release|iPhoneSimulator.ActiveCfg = Release|Any CPU
		{2DC1F481-8D1A-49A4-A232-B5A088C2F00C}.Release|iPhoneSimulator.Build.0 = Release|Any CPU
		{2DC1F481-8D1A-49A4-A232-B5A088C2F00C}.Release|iPhoneSimulator.Deploy.0 = Release|Any CPU
		{2DC1F481-8D1A-49A4-A232-B5A088C2F00C}.Release|x64.ActiveCfg = Release|Any CPU
		{2DC1F481-8D1A-49A4-A232-B5A088C2F00C}.Release|x64.Build.0 = Release|Any CPU
		{2DC1F481-8D1A-49A4-A232-B5A088C2F00C}.Release|x64.Deploy.0 = Release|Any CPU
		{2DC1F481-8D1A-49A4-A232-B5A088C2F00C}.Release|x86.ActiveCfg = Release|Any CPU
		{2DC1F481-8D1A-49A4-A232-B5A088C2F00C}.Release|x86.Build.0 = Release|Any CPU
		{2DC1F481-8D1A-49A4-A232-B5A088C2F00C}.Release|x86.Deploy.0 = Release|Any CPU
		{737D65D3-F829-4473-AEB3-02864C4A4BAC}.Ad-Hoc|Any CPU.ActiveCfg = Ad-Hoc|iPhone
		{737D65D3-F829-4473-AEB3-02864C4A4BAC}.Ad-Hoc|ARM.ActiveCfg = Ad-Hoc|iPhone
		{737D65D3-F829-4473-AEB3-02864C4A4BAC}.Ad-Hoc|iPhone.ActiveCfg = Ad-Hoc|iPhone
		{737D65D3-F829-4473-AEB3-02864C4A4BAC}.Ad-Hoc|iPhone.Build.0 = Ad-Hoc|iPhone
		{737D65D3-F829-4473-AEB3-02864C4A4BAC}.Ad-Hoc|iPhoneSimulator.ActiveCfg = Ad-Hoc|iPhoneSimulator
		{737D65D3-F829-4473-AEB3-02864C4A4BAC}.Ad-Hoc|iPhoneSimulator.Build.0 = Ad-Hoc|iPhoneSimulator
		{737D65D3-F829-4473-AEB3-02864C4A4BAC}.Ad-Hoc|x64.ActiveCfg = Ad-Hoc|iPhone
		{737D65D3-F829-4473-AEB3-02864C4A4BAC}.Ad-Hoc|x86.ActiveCfg = Ad-Hoc|iPhone
		{737D65D3-F829-4473-AEB3-02864C4A4BAC}.AppStore|Any CPU.ActiveCfg = AppStore|iPhone
		{737D65D3-F829-4473-AEB3-02864C4A4BAC}.AppStore|ARM.ActiveCfg = AppStore|iPhone
		{737D65D3-F829-4473-AEB3-02864C4A4BAC}.AppStore|iPhone.ActiveCfg = AppStore|iPhone
		{737D65D3-F829-4473-AEB3-02864C4A4BAC}.AppStore|iPhone.Build.0 = AppStore|iPhone
		{737D65D3-F829-4473-AEB3-02864C4A4BAC}.AppStore|iPhoneSimulator.ActiveCfg = AppStore|iPhoneSimulator
		{737D65D3-F829-4473-AEB3-02864C4A4BAC}.AppStore|iPhoneSimulator.Build.0 = AppStore|iPhoneSimulator
		{737D65D3-F829-4473-AEB3-02864C4A4BAC}.AppStore|x64.ActiveCfg = AppStore|iPhone
		{737D65D3-F829-4473-AEB3-02864C4A4BAC}.AppStore|x86.ActiveCfg = AppStore|iPhone
		{737D65D3-F829-4473-AEB3-02864C4A4BAC}.Debug|Any CPU.ActiveCfg = Debug|iPhone
		{737D65D3-F829-4473-AEB3-02864C4A4BAC}.Debug|ARM.ActiveCfg = Debug|iPhone
		{737D65D3-F829-4473-AEB3-02864C4A4BAC}.Debug|iPhone.ActiveCfg = Debug|iPhone
		{737D65D3-F829-4473-AEB3-02864C4A4BAC}.Debug|iPhone.Build.0 = Debug|iPhone
		{737D65D3-F829-4473-AEB3-02864C4A4BAC}.Debug|iPhoneSimulator.ActiveCfg = Debug|iPhoneSimulator
		{737D65D3-F829-4473-AEB3-02864C4A4BAC}.Debug|iPhoneSimulator.Build.0 = Debug|iPhoneSimulator
		{737D65D3-F829-4473-AEB3-02864C4A4BAC}.Debug|x64.ActiveCfg = Debug|iPhone
		{737D65D3-F829-4473-AEB3-02864C4A4BAC}.Debug|x86.ActiveCfg = Debug|iPhone
		{737D65D3-F829-4473-AEB3-02864C4A4BAC}.Release|Any CPU.ActiveCfg = Release|iPhone
		{737D65D3-F829-4473-AEB3-02864C4A4BAC}.Release|ARM.ActiveCfg = Release|iPhone
		{737D65D3-F829-4473-AEB3-02864C4A4BAC}.Release|iPhone.ActiveCfg = Release|iPhone
		{737D65D3-F829-4473-AEB3-02864C4A4BAC}.Release|iPhone.Build.0 = Release|iPhone
		{737D65D3-F829-4473-AEB3-02864C4A4BAC}.Release|iPhoneSimulator.ActiveCfg = Release|iPhoneSimulator
		{737D65D3-F829-4473-AEB3-02864C4A4BAC}.Release|iPhoneSimulator.Build.0 = Release|iPhoneSimulator
		{737D65D3-F829-4473-AEB3-02864C4A4BAC}.Release|x64.ActiveCfg = Release|iPhone
		{737D65D3-F829-4473-AEB3-02864C4A4BAC}.Release|x86.ActiveCfg = Release|iPhone
		{68D8F0CA-BC42-4B78-812C-4D925123D484}.Ad-Hoc|Any CPU.ActiveCfg = Release|x64
		{68D8F0CA-BC42-4B78-812C-4D925123D484}.Ad-Hoc|Any CPU.Build.0 = Release|x64
		{68D8F0CA-BC42-4B78-812C-4D925123D484}.Ad-Hoc|Any CPU.Deploy.0 = Release|x64
		{68D8F0CA-BC42-4B78-812C-4D925123D484}.Ad-Hoc|ARM.ActiveCfg = Release|ARM
		{68D8F0CA-BC42-4B78-812C-4D925123D484}.Ad-Hoc|ARM.Build.0 = Release|ARM
		{68D8F0CA-BC42-4B78-812C-4D925123D484}.Ad-Hoc|ARM.Deploy.0 = Release|ARM
		{68D8F0CA-BC42-4B78-812C-4D925123D484}.Ad-Hoc|iPhone.ActiveCfg = Release|x64
		{68D8F0CA-BC42-4B78-812C-4D925123D484}.Ad-Hoc|iPhone.Build.0 = Release|x64
		{68D8F0CA-BC42-4B78-812C-4D925123D484}.Ad-Hoc|iPhone.Deploy.0 = Release|x64
		{68D8F0CA-BC42-4B78-812C-4D925123D484}.Ad-Hoc|iPhoneSimulator.ActiveCfg = Release|x64
		{68D8F0CA-BC42-4B78-812C-4D925123D484}.Ad-Hoc|iPhoneSimulator.Build.0 = Release|x64
		{68D8F0CA-BC42-4B78-812C-4D925123D484}.Ad-Hoc|iPhoneSimulator.Deploy.0 = Release|x64
		{68D8F0CA-BC42-4B78-812C-4D925123D484}.Ad-Hoc|x64.ActiveCfg = Release|x64
		{68D8F0CA-BC42-4B78-812C-4D925123D484}.Ad-Hoc|x64.Build.0 = Release|x64
		{68D8F0CA-BC42-4B78-812C-4D925123D484}.Ad-Hoc|x64.Deploy.0 = Release|x64
		{68D8F0CA-BC42-4B78-812C-4D925123D484}.Ad-Hoc|x86.ActiveCfg = Release|x86
		{68D8F0CA-BC42-4B78-812C-4D925123D484}.Ad-Hoc|x86.Build.0 = Release|x86
		{68D8F0CA-BC42-4B78-812C-4D925123D484}.Ad-Hoc|x86.Deploy.0 = Release|x86
		{68D8F0CA-BC42-4B78-812C-4D925123D484}.AppStore|Any CPU.ActiveCfg = Release|x64
		{68D8F0CA-BC42-4B78-812C-4D925123D484}.AppStore|Any CPU.Build.0 = Release|x64
		{68D8F0CA-BC42-4B78-812C-4D925123D484}.AppStore|Any CPU.Deploy.0 = Release|x64
		{68D8F0CA-BC42-4B78-812C-4D925123D484}.AppStore|ARM.ActiveCfg = Release|ARM
		{68D8F0CA-BC42-4B78-812C-4D925123D484}.AppStore|ARM.Build.0 = Release|ARM
		{68D8F0CA-BC42-4B78-812C-4D925123D484}.AppStore|ARM.Deploy.0 = Release|ARM
		{68D8F0CA-BC42-4B78-812C-4D925123D484}.AppStore|iPhone.ActiveCfg = Release|x64
		{68D8F0CA-BC42-4B78-812C-4D925123D484}.AppStore|iPhone.Build.0 = Release|x64
		{68D8F0CA-BC42-4B78-812C-4D925123D484}.AppStore|iPhone.Deploy.0 = Release|x64
		{68D8F0CA-BC42-4B78-812C-4D925123D484}.AppStore|iPhoneSimulator.ActiveCfg = Release|x64
		{68D8F0CA-BC42-4B78-812C-4D925123D484}.AppStore|iPhoneSimulator.Build.0 = Release|x64
		{68D8F0CA-BC42-4B78-812C-4D925123D484}.AppStore|iPhoneSimulator.Deploy.0 = Release|x64
		{68D8F0CA-BC42-4B78-812C-4D925123D484}.AppStore|x64.ActiveCfg = Release|x64
		{68D8F0CA-BC42-4B78-812C-4D925123D484}.AppStore|x64.Build.0 = Release|x64
		{68D8F0CA-BC42-4B78-812C-4D925123D484}.AppStore|x64.Deploy.0 = Release|x64
		{68D8F0CA-BC42-4B78-812C-4D925123D484}.AppStore|x86.ActiveCfg = Release|x86
		{68D8F0CA-BC42-4B78-812C-4D925123D484}.AppStore|x86.Build.0 = Release|x86
		{68D8F0CA-BC42-4B78-812C-4D925123D484}.AppStore|x86.Deploy.0 = Release|x86
		{68D8F0CA-BC42-4B78-812C-4D925123D484}.Debug|Any CPU.ActiveCfg = Debug|x86
		{68D8F0CA-BC42-4B78-812C-4D925123D484}.Debug|ARM.ActiveCfg = Debug|ARM
		{68D8F0CA-BC42-4B78-812C-4D925123D484}.Debug|ARM.Build.0 = Debug|ARM
		{68D8F0CA-BC42-4B78-812C-4D925123D484}.Debug|ARM.Deploy.0 = Debug|ARM
		{68D8F0CA-BC42-4B78-812C-4D925123D484}.Debug|iPhone.ActiveCfg = Debug|x86
		{68D8F0CA-BC42-4B78-812C-4D925123D484}.Debug|iPhoneSimulator.ActiveCfg = Debug|x86
		{68D8F0CA-BC42-4B78-812C-4D925123D484}.Debug|x64.ActiveCfg = Debug|x64
		{68D8F0CA-BC42-4B78-812C-4D925123D484}.Debug|x64.Build.0 = Debug|x64
		{68D8F0CA-BC42-4B78-812C-4D925123D484}.Debug|x64.Deploy.0 = Debug|x64
		{68D8F0CA-BC42-4B78-812C-4D925123D484}.Debug|x86.ActiveCfg = Debug|x86
		{68D8F0CA-BC42-4B78-812C-4D925123D484}.Debug|x86.Build.0 = Debug|x86
		{68D8F0CA-BC42-4B78-812C-4D925123D484}.Debug|x86.Deploy.0 = Debug|x86
		{68D8F0CA-BC42-4B78-812C-4D925123D484}.Release|Any CPU.ActiveCfg = Release|x86
		{68D8F0CA-BC42-4B78-812C-4D925123D484}.Release|ARM.ActiveCfg = Release|ARM
		{68D8F0CA-BC42-4B78-812C-4D925123D484}.Release|ARM.Build.0 = Release|ARM
		{68D8F0CA-BC42-4B78-812C-4D925123D484}.Release|ARM.Deploy.0 = Release|ARM
		{68D8F0CA-BC42-4B78-812C-4D925123D484}.Release|iPhone.ActiveCfg = Release|x86
		{68D8F0CA-BC42-4B78-812C-4D925123D484}.Release|iPhoneSimulator.ActiveCfg = Release|x86
		{68D8F0CA-BC42-4B78-812C-4D925123D484}.Release|x64.ActiveCfg = Release|x64
		{68D8F0CA-BC42-4B78-812C-4D925123D484}.Release|x64.Build.0 = Release|x64
		{68D8F0CA-BC42-4B78-812C-4D925123D484}.Release|x64.Deploy.0 = Release|x64
		{68D8F0CA-BC42-4B78-812C-4D925123D484}.Release|x86.ActiveCfg = Release|x86
		{68D8F0CA-BC42-4B78-812C-4D925123D484}.Release|x86.Build.0 = Release|x86
		{68D8F0CA-BC42-4B78-812C-4D925123D484}.Release|x86.Deploy.0 = Release|x86
		{8D73AF1B-0A21-4CC4-A612-0BDC7F722C25}.Ad-Hoc|Any CPU.ActiveCfg = Debug|Any CPU
		{8D73AF1B-0A21-4CC4-A612-0BDC7F722C25}.Ad-Hoc|Any CPU.Build.0 = Debug|Any CPU
		{8D73AF1B-0A21-4CC4-A612-0BDC7F722C25}.Ad-Hoc|ARM.ActiveCfg = Debug|Any CPU
		{8D73AF1B-0A21-4CC4-A612-0BDC7F722C25}.Ad-Hoc|ARM.Build.0 = Debug|Any CPU
		{8D73AF1B-0A21-4CC4-A612-0BDC7F722C25}.Ad-Hoc|iPhone.ActiveCfg = Debug|Any CPU
		{8D73AF1B-0A21-4CC4-A612-0BDC7F722C25}.Ad-Hoc|iPhone.Build.0 = Debug|Any CPU
		{8D73AF1B-0A21-4CC4-A612-0BDC7F722C25}.Ad-Hoc|iPhoneSimulator.ActiveCfg = Debug|Any CPU
		{8D73AF1B-0A21-4CC4-A612-0BDC7F722C25}.Ad-Hoc|iPhoneSimulator.Build.0 = Debug|Any CPU
		{8D73AF1B-0A21-4CC4-A612-0BDC7F722C25}.Ad-Hoc|x64.ActiveCfg = Debug|Any CPU
		{8D73AF1B-0A21-4CC4-A612-0BDC7F722C25}.Ad-Hoc|x64.Build.0 = Debug|Any CPU
		{8D73AF1B-0A21-4CC4-A612-0BDC7F722C25}.Ad-Hoc|x86.ActiveCfg = Debug|Any CPU
		{8D73AF1B-0A21-4CC4-A612-0BDC7F722C25}.Ad-Hoc|x86.Build.0 = Debug|Any CPU
		{8D73AF1B-0A21-4CC4-A612-0BDC7F722C25}.AppStore|Any CPU.ActiveCfg = Debug|Any CPU
		{8D73AF1B-0A21-4CC4-A612-0BDC7F722C25}.AppStore|Any CPU.Build.0 = Debug|Any CPU
		{8D73AF1B-0A21-4CC4-A612-0BDC7F722C25}.AppStore|ARM.ActiveCfg = Debug|Any CPU
		{8D73AF1B-0A21-4CC4-A612-0BDC7F722C25}.AppStore|ARM.Build.0 = Debug|Any CPU
		{8D73AF1B-0A21-4CC4-A612-0BDC7F722C25}.AppStore|iPhone.ActiveCfg = Debug|Any CPU
		{8D73AF1B-0A21-4CC4-A612-0BDC7F722C25}.AppStore|iPhone.Build.0 = Debug|Any CPU
		{8D73AF1B-0A21-4CC4-A612-0BDC7F722C25}.AppStore|iPhoneSimulator.ActiveCfg = Debug|Any CPU
		{8D73AF1B-0A21-4CC4-A612-0BDC7F722C25}.AppStore|iPhoneSimulator.Build.0 = Debug|Any CPU
		{8D73AF1B-0A21-4CC4-A612-0BDC7F722C25}.AppStore|x64.ActiveCfg = Debug|Any CPU
		{8D73AF1B-0A21-4CC4-A612-0BDC7F722C25}.AppStore|x64.Build.0 = Debug|Any CPU
		{8D73AF1B-0A21-4CC4-A612-0BDC7F722C25}.AppStore|x86.ActiveCfg = Debug|Any CPU
		{8D73AF1B-0A21-4CC4-A612-0BDC7F722C25}.AppStore|x86.Build.0 = Debug|Any CPU
		{8D73AF1B-0A21-4CC4-A612-0BDC7F722C25}.Debug|Any CPU.ActiveCfg = Debug|Any CPU
		{8D73AF1B-0A21-4CC4-A612-0BDC7F722C25}.Debug|Any CPU.Build.0 = Debug|Any CPU
		{8D73AF1B-0A21-4CC4-A612-0BDC7F722C25}.Debug|ARM.ActiveCfg = Debug|Any CPU
		{8D73AF1B-0A21-4CC4-A612-0BDC7F722C25}.Debug|ARM.Build.0 = Debug|Any CPU
		{8D73AF1B-0A21-4CC4-A612-0BDC7F722C25}.Debug|iPhone.ActiveCfg = Debug|Any CPU
		{8D73AF1B-0A21-4CC4-A612-0BDC7F722C25}.Debug|iPhone.Build.0 = Debug|Any CPU
		{8D73AF1B-0A21-4CC4-A612-0BDC7F722C25}.Debug|iPhoneSimulator.ActiveCfg = Debug|Any CPU
		{8D73AF1B-0A21-4CC4-A612-0BDC7F722C25}.Debug|iPhoneSimulator.Build.0 = Debug|Any CPU
		{8D73AF1B-0A21-4CC4-A612-0BDC7F722C25}.Debug|x64.ActiveCfg = Debug|Any CPU
		{8D73AF1B-0A21-4CC4-A612-0BDC7F722C25}.Debug|x64.Build.0 = Debug|Any CPU
		{8D73AF1B-0A21-4CC4-A612-0BDC7F722C25}.Debug|x86.ActiveCfg = Debug|Any CPU
		{8D73AF1B-0A21-4CC4-A612-0BDC7F722C25}.Debug|x86.Build.0 = Debug|Any CPU
		{8D73AF1B-0A21-4CC4-A612-0BDC7F722C25}.Release|Any CPU.ActiveCfg = Release|Any CPU
		{8D73AF1B-0A21-4CC4-A612-0BDC7F722C25}.Release|Any CPU.Build.0 = Release|Any CPU
		{8D73AF1B-0A21-4CC4-A612-0BDC7F722C25}.Release|ARM.ActiveCfg = Release|Any CPU
		{8D73AF1B-0A21-4CC4-A612-0BDC7F722C25}.Release|ARM.Build.0 = Release|Any CPU
		{8D73AF1B-0A21-4CC4-A612-0BDC7F722C25}.Release|iPhone.ActiveCfg = Release|Any CPU
		{8D73AF1B-0A21-4CC4-A612-0BDC7F722C25}.Release|iPhone.Build.0 = Release|Any CPU
		{8D73AF1B-0A21-4CC4-A612-0BDC7F722C25}.Release|iPhoneSimulator.ActiveCfg = Release|Any CPU
		{8D73AF1B-0A21-4CC4-A612-0BDC7F722C25}.Release|iPhoneSimulator.Build.0 = Release|Any CPU
		{8D73AF1B-0A21-4CC4-A612-0BDC7F722C25}.Release|x64.ActiveCfg = Release|Any CPU
		{8D73AF1B-0A21-4CC4-A612-0BDC7F722C25}.Release|x64.Build.0 = Release|Any CPU
		{8D73AF1B-0A21-4CC4-A612-0BDC7F722C25}.Release|x86.ActiveCfg = Release|Any CPU
		{8D73AF1B-0A21-4CC4-A612-0BDC7F722C25}.Release|x86.Build.0 = Release|Any CPU
	EndGlobalSection
	GlobalSection(SolutionProperties) = preSolution
		HideSolutionNode = FALSE
	EndGlobalSection
	GlobalSection(ExtensibilityGlobals) = postSolution
		SolutionGuid = {6BA69720-082E-4351-AE64-E339DF7D482B}
	EndGlobalSection
EndGlobal
